
Microsoft Visual Studio Solution File, Format Version 12.00
# Visual Studio 15
VisualStudioVersion = 15.0.28307.136
MinimumVisualStudioVersion = 10.0.40219.1
Project("{888888A0-9F3D-457C-B088-3A5042F75D52}") = "aoc17", "aoc17.pyproj", "{3B1FD339-BCEF-4542-A585-2FB013FEC727}"
EndProject
Global
	GlobalSection(SolutionConfigurationPlatforms) = preSolution
		Debug|Any CPU = Debug|Any CPU
		Release|Any CPU = Release|Any CPU
	EndGlobalSection
	GlobalSection(ProjectConfigurationPlatforms) = postSolution
		{3B1FD339-BCEF-4542-A585-2FB013FEC727}.Debug|Any CPU.ActiveCfg = Debug|Any CPU
		{3B1FD339-BCEF-4542-A585-2FB013FEC727}.Release|Any CPU.ActiveCfg = Release|Any CPU
	EndGlobalSection
	GlobalSection(SolutionProperties) = preSolution
		HideSolutionNode = FALSE
	EndGlobalSection
	GlobalSection(ExtensibilityGlobals) = postSolution
		SolutionGuid = {85451A67-4599-4D65-BF4D-2F50623F57A1}
	EndGlobalSection
EndGlobal
